
Microsoft Visual Studio Solution File, Format Version 12.00
# Visual Studio Version 17
VisualStudioVersion = 17.11.35312.102
MinimumVisualStudioVersion = 10.0.40219.1
Project("{FAE04EC0-301F-11D3-BF4B-00C04F79EFBC}") = "LibraryApp", "LibraryApp\LibraryApp.csproj", "{05544AFC-C29F-419C-B554-929865C28588}"
EndProject
Global
	GlobalSection(SolutionConfigurationPlatforms) = preSolution
		Debug|Any CPU = Debug|Any CPU
		Release|Any CPU = Release|Any CPU
	EndGlobalSection
	GlobalSection(ProjectConfigurationPlatforms) = postSolution
		{05544AFC-C29F-419C-B554-929865C28588}.Debug|Any CPU.ActiveCfg = Debug|Any CPU
		{05544AFC-C29F-419C-B554-929865C28588}.Debug|Any CPU.Build.0 = Debug|Any CPU
		{05544AFC-C29F-419C-B554-929865C28588}.Release|Any CPU.ActiveCfg = Release|Any CPU
		{05544AFC-C29F-419C-B554-929865C28588}.Release|Any CPU.Build.0 = Release|Any CPU
	EndGlobalSection
	GlobalSection(SolutionProperties) = preSolution
		HideSolutionNode = FALSE
	EndGlobalSection
	GlobalSection(ExtensibilityGlobals) = postSolution
		SolutionGuid = {DF7EAF10-0A5B-46B9-942A-86FD33469F57}
	EndGlobalSection
EndGlobal
